
Microsoft Visual Studio Solution File, Format Version 12.00
# Visual Studio 15
VisualStudioVersion = 15.0.27004.2002
MinimumVisualStudioVersion = 10.0.40219.1
Project("{9A19103F-16F7-4668-BE54-9A1E7A4F7556}") = "TSQLLint.Console.Standard", "TSQLLint.Console\TSQLLint.Console.Standard.csproj", "{7697E982-E7EA-4D1A-A26C-3DDA32423F1C}"
EndProject
Project("{9A19103F-16F7-4668-BE54-9A1E7A4F7556}") = "TSQLLint.Lib.Standard", "TSQLLint.Lib\TSQLLint.Lib.Standard.csproj", "{80B6DAB5-3ED4-461C-87CB-71E0B3BAFC81}"
EndProject
Project("{9A19103F-16F7-4668-BE54-9A1E7A4F7556}") = "TSQLLint.Tests.Standard", "TSQLLint.Tests\TSQLLint.Tests.Standard.csproj", "{B3139814-0754-4549-BC6D-9D4F4C772056}"
EndProject
Global
	GlobalSection(SolutionConfigurationPlatforms) = preSolution
		Debug|Any CPU = Debug|Any CPU
		Release|Any CPU = Release|Any CPU
	EndGlobalSection
	GlobalSection(ProjectConfigurationPlatforms) = postSolution
		{7697E982-E7EA-4D1A-A26C-3DDA32423F1C}.Debug|Any CPU.ActiveCfg = Debug|Any CPU
		{7697E982-E7EA-4D1A-A26C-3DDA32423F1C}.Debug|Any CPU.Build.0 = Debug|Any CPU
		{7697E982-E7EA-4D1A-A26C-3DDA32423F1C}.Release|Any CPU.ActiveCfg = Release|Any CPU
		{7697E982-E7EA-4D1A-A26C-3DDA32423F1C}.Release|Any CPU.Build.0 = Release|Any CPU
		{80B6DAB5-3ED4-461C-87CB-71E0B3BAFC81}.Debug|Any CPU.ActiveCfg = Debug|Any CPU
		{80B6DAB5-3ED4-461C-87CB-71E0B3BAFC81}.Debug|Any CPU.Build.0 = Debug|Any CPU
		{80B6DAB5-3ED4-461C-87CB-71E0B3BAFC81}.Release|Any CPU.ActiveCfg = Release|Any CPU
		{80B6DAB5-3ED4-461C-87CB-71E0B3BAFC81}.Release|Any CPU.Build.0 = Release|Any CPU
		{B3139814-0754-4549-BC6D-9D4F4C772056}.Debug|Any CPU.ActiveCfg = Debug|Any CPU
		{B3139814-0754-4549-BC6D-9D4F4C772056}.Debug|Any CPU.Build.0 = Debug|Any CPU
		{B3139814-0754-4549-BC6D-9D4F4C772056}.Release|Any CPU.ActiveCfg = Release|Any CPU
		{B3139814-0754-4549-BC6D-9D4F4C772056}.Release|Any CPU.Build.0 = Release|Any CPU
	EndGlobalSection
	GlobalSection(SolutionProperties) = preSolution
		HideSolutionNode = FALSE
	EndGlobalSection
	GlobalSection(ExtensibilityGlobals) = postSolution
		SolutionGuid = {C431AB0C-C24B-4FE3-BCA0-0A36B93F432F}
	EndGlobalSection
EndGlobal
