Microsoft Visual Studio Solution File, Format Version 12.00
# Visual Studio 15
VisualStudioVersion = 15.0.27004.2010
MinimumVisualStudioVersion = 10.0.40219.1
Project("{9A19103F-16F7-4668-BE54-9A1E7A4F7556}") = "TSQLLint.Console", "TSQLLint.Console\TSQLLint.Console.csproj", "{7697E982-E7EA-4D1A-A26C-3DDA32423F1C}"
EndProject
Project("{9A19103F-16F7-4668-BE54-9A1E7A4F7556}") = "TSQLLint.Tests", "TSQLLint.Tests\TSQLLint.Tests.csproj", "{B3139814-0754-4549-BC6D-9D4F4C772056}"
EndProject
Project("{2150E333-8FDC-42A3-9474-1A3956D46DE8}") = "Solution Items", "Solution Items", "{396E960A-A8E0-4636-A790-457CB273976B}"
	ProjectSection(SolutionItems) = preProject
		.editorconfig = .editorconfig
		.gitignore = .gitignore
		.npmignore = .npmignore
		.travis.yml = .travis.yml
		appveyor.yml = appveyor.yml
		CODE_OF_CONDUCT.md = CODE_OF_CONDUCT.md
		codecov.yml = codecov.yml
		CONTRIBUTING.MD = CONTRIBUTING.MD
		.stylecop\custom-dictionary.xml = .stylecop\custom-dictionary.xml
		LICENSE = LICENSE
		package.json = package.json
		README.md = README.md
		.stylecop\stylecop.json = .stylecop\stylecop.json
		.stylecop\stylecop.ruleset = .stylecop\stylecop.ruleset
	EndProjectSection
EndProject
Project("{9A19103F-16F7-4668-BE54-9A1E7A4F7556}") = "TSQLLint.Infrastructure", "TSQLLint.Infrastructure\TSQLLint.Infrastructure.csproj", "{7BF3E473-D00C-49A0-ADD8-7D0177B30AB3}"
EndProject
Project("{9A19103F-16F7-4668-BE54-9A1E7A4F7556}") = "TSQLLint.Core", "TSQLLint.Core\TSQLLint.Core.csproj", "{28E4C305-8BEC-4CF1-A5EE-D6624DE66154}"
EndProject
Global
	GlobalSection(SolutionConfigurationPlatforms) = preSolution
		Debug|Any CPU = Debug|Any CPU
		Release|Any CPU = Release|Any CPU
	EndGlobalSection
	GlobalSection(ProjectConfigurationPlatforms) = postSolution
		{7697E982-E7EA-4D1A-A26C-3DDA32423F1C}.Debug|Any CPU.ActiveCfg = Debug|Any CPU
		{7697E982-E7EA-4D1A-A26C-3DDA32423F1C}.Debug|Any CPU.Build.0 = Debug|Any CPU
		{7697E982-E7EA-4D1A-A26C-3DDA32423F1C}.Release|Any CPU.ActiveCfg = Release|Any CPU
		{7697E982-E7EA-4D1A-A26C-3DDA32423F1C}.Release|Any CPU.Build.0 = Release|Any CPU
		{B3139814-0754-4549-BC6D-9D4F4C772056}.Debug|Any CPU.ActiveCfg = Debug|Any CPU
		{B3139814-0754-4549-BC6D-9D4F4C772056}.Debug|Any CPU.Build.0 = Debug|Any CPU
		{B3139814-0754-4549-BC6D-9D4F4C772056}.Release|Any CPU.ActiveCfg = Release|Any CPU
		{7BF3E473-D00C-49A0-ADD8-7D0177B30AB3}.Debug|Any CPU.ActiveCfg = Debug|Any CPU
		{7BF3E473-D00C-49A0-ADD8-7D0177B30AB3}.Debug|Any CPU.Build.0 = Debug|Any CPU
		{7BF3E473-D00C-49A0-ADD8-7D0177B30AB3}.Release|Any CPU.ActiveCfg = Release|Any CPU
		{7BF3E473-D00C-49A0-ADD8-7D0177B30AB3}.Release|Any CPU.Build.0 = Release|Any CPU
		{28E4C305-8BEC-4CF1-A5EE-D6624DE66154}.Debug|Any CPU.ActiveCfg = Debug|Any CPU
		{28E4C305-8BEC-4CF1-A5EE-D6624DE66154}.Debug|Any CPU.Build.0 = Debug|Any CPU
		{28E4C305-8BEC-4CF1-A5EE-D6624DE66154}.Release|Any CPU.ActiveCfg = Release|Any CPU
		{28E4C305-8BEC-4CF1-A5EE-D6624DE66154}.Release|Any CPU.Build.0 = Release|Any CPU
	EndGlobalSection
	GlobalSection(SolutionProperties) = preSolution
		HideSolutionNode = FALSE
	EndGlobalSection
	GlobalSection(ExtensibilityGlobals) = postSolution
		SolutionGuid = {C431AB0C-C24B-4FE3-BCA0-0A36B93F432F}
	EndGlobalSection
EndGlobal
